
Microsoft Visual Studio Solution File, Format Version 12.00
# Visual Studio Version 16
VisualStudioVersion = 16.0.29613.14
MinimumVisualStudioVersion = 10.0.40219.1
Project("{FAE04EC0-301F-11D3-BF4B-00C04F79EFBC}") = "WebFireAlarmArduino", "WebFireAlarmArduino\WebFireAlarmArduino.csproj", "{B9DE9451-FB8E-489E-9C26-912D5AAC42F6}"
EndProject
Global
	GlobalSection(SolutionConfigurationPlatforms) = preSolution
		Debug|Any CPU = Debug|Any CPU
		Release|Any CPU = Release|Any CPU
	EndGlobalSection
	GlobalSection(ProjectConfigurationPlatforms) = postSolution
		{B9DE9451-FB8E-489E-9C26-912D5AAC42F6}.Debug|Any CPU.ActiveCfg = Debug|Any CPU
		{B9DE9451-FB8E-489E-9C26-912D5AAC42F6}.Debug|Any CPU.Build.0 = Debug|Any CPU
		{B9DE9451-FB8E-489E-9C26-912D5AAC42F6}.Release|Any CPU.ActiveCfg = Release|Any CPU
		{B9DE9451-FB8E-489E-9C26-912D5AAC42F6}.Release|Any CPU.Build.0 = Release|Any CPU
	EndGlobalSection
	GlobalSection(SolutionProperties) = preSolution
		HideSolutionNode = FALSE
	EndGlobalSection
	GlobalSection(ExtensibilityGlobals) = postSolution
		SolutionGuid = {598C6C4F-8158-4D06-B18C-29BC5C7D4918}
	EndGlobalSection
EndGlobal
